// !$*UTF8*$!
{
	archiveVersion = 1;
	classes = {
	};
	objectVersion = 46;
	objects = {

/* Begin PBXBuildFile section */
		2734085E1BCD479D00634318 /* AppDelegate.swift in Sources */ = {isa = PBXBuildFile; fileRef = 2734085D1BCD479D00634318 /* AppDelegate.swift */; };
		273408601BCD479D00634318 /* ViewController.swift in Sources */ = {isa = PBXBuildFile; fileRef = 2734085F1BCD479D00634318 /* ViewController.swift */; };
		273408631BCD479D00634318 /* Main.storyboard in Resources */ = {isa = PBXBuildFile; fileRef = 273408611BCD479D00634318 /* Main.storyboard */; };
		273408661BCD479D00634318 /* Virtual_Tourist.xcdatamodeld in Sources */ = {isa = PBXBuildFile; fileRef = 273408641BCD479D00634318 /* Virtual_Tourist.xcdatamodeld */; };
		273408681BCD479D00634318 /* Assets.xcassets in Resources */ = {isa = PBXBuildFile; fileRef = 273408671BCD479D00634318 /* Assets.xcassets */; };
		2734086B1BCD479D00634318 /* LaunchScreen.storyboard in Resources */ = {isa = PBXBuildFile; fileRef = 273408691BCD479D00634318 /* LaunchScreen.storyboard */; };
		273408761BCD479D00634318 /* Virtual_TouristTests.swift in Sources */ = {isa = PBXBuildFile; fileRef = 273408751BCD479D00634318 /* Virtual_TouristTests.swift */; };
		273408811BCD479D00634318 /* Virtual_TouristUITests.swift in Sources */ = {isa = PBXBuildFile; fileRef = 273408801BCD479D00634318 /* Virtual_TouristUITests.swift */; };
		273408911BCD49F000634318 /* CoreDataStackManager.swift in Sources */ = {isa = PBXBuildFile; fileRef = 273408901BCD49F000634318 /* CoreDataStackManager.swift */; settings = {ASSET_TAGS = (); }; };
/* End PBXBuildFile section */

/* Begin PBXContainerItemProxy section */
		273408721BCD479D00634318 /* PBXContainerItemProxy */ = {
			isa = PBXContainerItemProxy;
			containerPortal = 273408521BCD479D00634318 /* Project object */;
			proxyType = 1;
			remoteGlobalIDString = 273408591BCD479D00634318;
			remoteInfo = "Virtual Tourist";
		};
		2734087D1BCD479D00634318 /* PBXContainerItemProxy */ = {
			isa = PBXContainerItemProxy;
			containerPortal = 273408521BCD479D00634318 /* Project object */;
			proxyType = 1;
			remoteGlobalIDString = 273408591BCD479D00634318;
			remoteInfo = "Virtual Tourist";
		};
/* End PBXContainerItemProxy section */

/* Begin PBXFileReference section */
		2734085A1BCD479D00634318 /* Virtual Tourist.app */ = {isa = PBXFileReference; explicitFileType = wrapper.application; includeInIndex = 0; path = "Virtual Tourist.app"; sourceTree = BUILT_PRODUCTS_DIR; };
		2734085D1BCD479D00634318 /* AppDelegate.swift */ = {isa = PBXFileReference; lastKnownFileType = sourcecode.swift; path = AppDelegate.swift; sourceTree = "<group>"; };
		2734085F1BCD479D00634318 /* ViewController.swift */ = {isa = PBXFileReference; lastKnownFileType = sourcecode.swift; path = ViewController.swift; sourceTree = "<group>"; };
		273408621BCD479D00634318 /* Base */ = {isa = PBXFileReference; lastKnownFileType = file.storyboard; name = Base; path = Base.lproj/Main.storyboard; sourceTree = "<group>"; };
		273408651BCD479D00634318 /* Virtual_Tourist.xcdatamodel */ = {isa = PBXFileReference; lastKnownFileType = wrapper.xcdatamodel; path = Virtual_Tourist.xcdatamodel; sourceTree = "<group>"; };
		273408671BCD479D00634318 /* Assets.xcassets */ = {isa = PBXFileReference; lastKnownFileType = folder.assetcatalog; path = Assets.xcassets; sourceTree = "<group>"; };
		2734086A1BCD479D00634318 /* Base */ = {isa = PBXFileReference; lastKnownFileType = file.storyboard; name = Base; path = Base.lproj/LaunchScreen.storyboard; sourceTree = "<group>"; };
		2734086C1BCD479D00634318 /* Info.plist */ = {isa = PBXFileReference; lastKnownFileType = text.plist.xml; path = Info.plist; sourceTree = "<group>"; };
		273408711BCD479D00634318 /* Virtual TouristTests.xctest */ = {isa = PBXFileReference; explicitFileType = wrapper.cfbundle; includeInIndex = 0; path = "Virtual TouristTests.xctest"; sourceTree = BUILT_PRODUCTS_DIR; };
		273408751BCD479D00634318 /* Virtual_TouristTests.swift */ = {isa = PBXFileReference; lastKnownFileType = sourcecode.swift; path = Virtual_TouristTests.swift; sourceTree = "<group>"; };
		273408771BCD479D00634318 /* Info.plist */ = {isa = PBXFileReference; lastKnownFileType = text.plist.xml; path = Info.plist; sourceTree = "<group>"; };
		2734087C1BCD479D00634318 /* Virtual TouristUITests.xctest */ = {isa = PBXFileReference; explicitFileType = wrapper.cfbundle; includeInIndex = 0; path = "Virtual TouristUITests.xctest"; sourceTree = BUILT_PRODUCTS_DIR; };
		273408801BCD479D00634318 /* Virtual_TouristUITests.swift */ = {isa = PBXFileReference; lastKnownFileType = sourcecode.swift; path = Virtual_TouristUITests.swift; sourceTree = "<group>"; };
		273408821BCD479D00634318 /* Info.plist */ = {isa = PBXFileReference; lastKnownFileType = text.plist.xml; path = Info.plist; sourceTree = "<group>"; };
		273408901BCD49F000634318 /* CoreDataStackManager.swift */ = {isa = PBXFileReference; fileEncoding = 4; lastKnownFileType = sourcecode.swift; path = CoreDataStackManager.swift; sourceTree = "<group>"; };
/* End PBXFileReference section */

/* Begin PBXFrameworksBuildPhase section */
		273408571BCD479D00634318 /* Frameworks */ = {
			isa = PBXFrameworksBuildPhase;
			buildActionMask = 2147483647;
			files = (
			);
			runOnlyForDeploymentPostprocessing = 0;
		};
		2734086E1BCD479D00634318 /* Frameworks */ = {
			isa = PBXFrameworksBuildPhase;
			buildActionMask = 2147483647;
			files = (
			);
			runOnlyForDeploymentPostprocessing = 0;
		};
		273408791BCD479D00634318 /* Frameworks */ = {
			isa = PBXFrameworksBuildPhase;
			buildActionMask = 2147483647;
			files = (
			);
			runOnlyForDeploymentPostprocessing = 0;
		};
/* End PBXFrameworksBuildPhase section */

/* Begin PBXGroup section */
		273408511BCD479D00634318 = {
			isa = PBXGroup;
			children = (
				2734085C1BCD479D00634318 /* Virtual Tourist */,
				273408741BCD479D00634318 /* Virtual TouristTests */,
				2734087F1BCD479D00634318 /* Virtual TouristUITests */,
				2734085B1BCD479D00634318 /* Products */,
			);
			sourceTree = "<group>";
		};
		2734085B1BCD479D00634318 /* Products */ = {
			isa = PBXGroup;
			children = (
				2734085A1BCD479D00634318 /* Virtual Tourist.app */,
				273408711BCD479D00634318 /* Virtual TouristTests.xctest */,
				2734087C1BCD479D00634318 /* Virtual TouristUITests.xctest */,
			);
			name = Products;
			sourceTree = "<group>";
		};
		2734085C1BCD479D00634318 /* Virtual Tourist */ = {
			isa = PBXGroup;
			children = (
				2734085D1BCD479D00634318 /* AppDelegate.swift */,
				273408901BCD49F000634318 /* CoreDataStackManager.swift */,
				2734085F1BCD479D00634318 /* ViewController.swift */,
				273408611BCD479D00634318 /* Main.storyboard */,
				273408671BCD479D00634318 /* Assets.xcassets */,
				273408691BCD479D00634318 /* LaunchScreen.storyboard */,
				2734086C1BCD479D00634318 /* Info.plist */,
				273408641BCD479D00634318 /* Virtual_Tourist.xcdatamodeld */,
			);
			path = "Virtual Tourist";
			sourceTree = "<group>";
		};
		273408741BCD479D00634318 /* Virtual TouristTests */ = {
			isa = PBXGroup;
			children = (
				273408751BCD479D00634318 /* Virtual_TouristTests.swift */,
				273408771BCD479D00634318 /* Info.plist */,
			);
			path = "Virtual TouristTests";
			sourceTree = "<group>";
		};
		2734087F1BCD479D00634318 /* Virtual TouristUITests */ = {
			isa = PBXGroup;
			children = (
				273408801BCD479D00634318 /* Virtual_TouristUITests.swift */,
				273408821BCD479D00634318 /* Info.plist */,
			);
			path = "Virtual TouristUITests";
			sourceTree = "<group>";
		};
/* End PBXGroup section */

/* Begin PBXNativeTarget section */
		273408591BCD479D00634318 /* Virtual Tourist */ = {
			isa = PBXNativeTarget;
			buildConfigurationList = 273408851BCD479D00634318 /* Build configuration list for PBXNativeTarget "Virtual Tourist" */;
			buildPhases = (
				273408561BCD479D00634318 /* Sources */,
				273408571BCD479D00634318 /* Frameworks */,
				273408581BCD479D00634318 /* Resources */,
			);
			buildRules = (
			);
			dependencies = (
			);
			name = "Virtual Tourist";
			productName = "Virtual Tourist";
			productReference = 2734085A1BCD479D00634318 /* Virtual Tourist.app */;
			productType = "com.apple.product-type.application";
		};
		273408701BCD479D00634318 /* Virtual TouristTests */ = {
			isa = PBXNativeTarget;
			buildConfigurationList = 273408881BCD479D00634318 /* Build configuration list for PBXNativeTarget "Virtual TouristTests" */;
			buildPhases = (
				2734086D1BCD479D00634318 /* Sources */,
				2734086E1BCD479D00634318 /* Frameworks */,
				2734086F1BCD479D00634318 /* Resources */,
			);
			buildRules = (
			);
			dependencies = (
				273408731BCD479D00634318 /* PBXTargetDependency */,
			);
			name = "Virtual TouristTests";
			productName = "Virtual TouristTests";
			productReference = 273408711BCD479D00634318 /* Virtual TouristTests.xctest */;
			productType = "com.apple.product-type.bundle.unit-test";
		};
		2734087B1BCD479D00634318 /* Virtual TouristUITests */ = {
			isa = PBXNativeTarget;
			buildConfigurationList = 2734088B1BCD479D00634318 /* Build configuration list for PBXNativeTarget "Virtual TouristUITests" */;
			buildPhases = (
				273408781BCD479D00634318 /* Sources */,
				273408791BCD479D00634318 /* Frameworks */,
				2734087A1BCD479D00634318 /* Resources */,
			);
			buildRules = (
			);
			dependencies = (
				2734087E1BCD479D00634318 /* PBXTargetDependency */,
			);
			name = "Virtual TouristUITests";
			productName = "Virtual TouristUITests";
			productReference = 2734087C1BCD479D00634318 /* Virtual TouristUITests.xctest */;
			productType = "com.apple.product-type.bundle.ui-testing";
		};
/* End PBXNativeTarget section */

/* Begin PBXProject section */
		273408521BCD479D00634318 /* Project object */ = {
			isa = PBXProject;
			attributes = {
				LastUpgradeCheck = 0700;
				ORGANIZATIONNAME = "Joe Susnick Co.";
				TargetAttributes = {
					273408591BCD479D00634318 = {
						CreatedOnToolsVersion = 7.0;
					};
					273408701BCD479D00634318 = {
						CreatedOnToolsVersion = 7.0;
						TestTargetID = 273408591BCD479D00634318;
					};
					2734087B1BCD479D00634318 = {
						CreatedOnToolsVersion = 7.0;
						TestTargetID = 273408591BCD479D00634318;
					};
				};
			};
			buildConfigurationList = 273408551BCD479D00634318 /* Build configuration list for PBXProject "Virtual Tourist" */;
			compatibilityVersion = "Xcode 3.2";
			developmentRegion = English;
			hasScannedForEncodings = 0;
			knownRegions = (
				en,
				Base,
			);
			mainGroup = 273408511BCD479D00634318;
			productRefGroup = 2734085B1BCD479D00634318 /* Products */;
			projectDirPath = "";
			projectRoot = "";
			targets = (
				273408591BCD479D00634318 /* Virtual Tourist */,
				273408701BCD479D00634318 /* Virtual TouristTests */,
				2734087B1BCD479D00634318 /* Virtual TouristUITests */,
			);
		};
/* End PBXProject section */

/* Begin PBXResourcesBuildPhase section */
		273408581BCD479D00634318 /* Resources */ = {
			isa = PBXResourcesBuildPhase;
			buildActionMask = 2147483647;
			files = (
				2734086B1BCD479D00634318 /* LaunchScreen.storyboard in Resources */,
				273408681BCD479D00634318 /* Assets.xcassets in Resources */,
				273408631BCD479D00634318 /* Main.storyboard in Resources */,
			);
			runOnlyForDeploymentPostprocessing = 0;
		};
		2734086F1BCD479D00634318 /* Resources */ = {
			isa = PBXResourcesBuildPhase;
			buildActionMask = 2147483647;
			files = (
			);
			runOnlyForDeploymentPostprocessing = 0;
		};
		2734087A1BCD479D00634318 /* Resources */ = {
			isa = PBXResourcesBuildPhase;
			buildActionMask = 2147483647;
			files = (
			);
			runOnlyForDeploymentPostprocessing = 0;
		};
/* End PBXResourcesBuildPhase section */

/* Begin PBXSourcesBuildPhase section */
		273408561BCD479D00634318 /* Sources */ = {
			isa = PBXSourcesBuildPhase;
			buildActionMask = 2147483647;
			files = (
				273408601BCD479D00634318 /* ViewController.swift in Sources */,
				273408911BCD49F000634318 /* CoreDataStackManager.swift in Sources */,
				273408661BCD479D00634318 /* Virtual_Tourist.xcdatamodeld in Sources */,
				2734085E1BCD479D00634318 /* AppDelegate.swift in Sources */,
			);
			runOnlyForDeploymentPostprocessing = 0;
		};
		2734086D1BCD479D00634318 /* Sources */ = {
			isa = PBXSourcesBuildPhase;
			buildActionMask = 2147483647;
			files = (
				273408761BCD479D00634318 /* Virtual_TouristTests.swift in Sources */,
			);
			runOnlyForDeploymentPostprocessing = 0;
		};
		273408781BCD479D00634318 /* Sources */ = {
			isa = PBXSourcesBuildPhase;
			buildActionMask = 2147483647;
			files = (
				273408811BCD479D00634318 /* Virtual_TouristUITests.swift in Sources */,
			);
			runOnlyForDeploymentPostprocessing = 0;
		};
/* End PBXSourcesBuildPhase section */

/* Begin PBXTargetDependency section */
		273408731BCD479D00634318 /* PBXTargetDependency */ = {
			isa = PBXTargetDependency;
			target = 273408591BCD479D00634318 /* Virtual Tourist */;
			targetProxy = 273408721BCD479D00634318 /* PBXContainerItemProxy */;
		};
		2734087E1BCD479D00634318 /* PBXTargetDependency */ = {
			isa = PBXTargetDependency;
			target = 273408591BCD479D00634318 /* Virtual Tourist */;
			targetProxy = 2734087D1BCD479D00634318 /* PBXContainerItemProxy */;
		};
/* End PBXTargetDependency section */

/* Begin PBXVariantGroup section */
		273408611BCD479D00634318 /* Main.storyboard */ = {
			isa = PBXVariantGroup;
			children = (
				273408621BCD479D00634318 /* Base */,
			);
			name = Main.storyboard;
			sourceTree = "<group>";
		};
		273408691BCD479D00634318 /* LaunchScreen.storyboard */ = {
			isa = PBXVariantGroup;
			children = (
				2734086A1BCD479D00634318 /* Base */,
			);
			name = LaunchScreen.storyboard;
			sourceTree = "<group>";
		};
/* End PBXVariantGroup section */

/* Begin XCBuildConfiguration section */
		273408831BCD479D00634318 /* Debug */ = {
			isa = XCBuildConfiguration;
			buildSettings = {
				ALWAYS_SEARCH_USER_PATHS = NO;
				CLANG_CXX_LANGUAGE_STANDARD = "gnu++0x";
				CLANG_CXX_LIBRARY = "libc++";
				CLANG_ENABLE_MODULES = YES;
				CLANG_ENABLE_OBJC_ARC = YES;
				CLANG_WARN_BOOL_CONVERSION = YES;
				CLANG_WARN_CONSTANT_CONVERSION = YES;
				CLANG_WARN_DIRECT_OBJC_ISA_USAGE = YES_ERROR;
				CLANG_WARN_EMPTY_BODY = YES;
				CLANG_WARN_ENUM_CONVERSION = YES;
				CLANG_WARN_INT_CONVERSION = YES;
				CLANG_WARN_OBJC_ROOT_CLASS = YES_ERROR;
				CLANG_WARN_UNREACHABLE_CODE = YES;
				CLANG_WARN__DUPLICATE_METHOD_MATCH = YES;
				"CODE_SIGN_IDENTITY[sdk=iphoneos*]" = "iPhone Developer";
				COPY_PHASE_STRIP = NO;
				DEBUG_INFORMATION_FORMAT = dwarf;
				ENABLE_STRICT_OBJC_MSGSEND = YES;
				ENABLE_TESTABILITY = YES;
				GCC_C_LANGUAGE_STANDARD = gnu99;
				GCC_DYNAMIC_NO_PIC = NO;
				GCC_NO_COMMON_BLOCKS = YES;
				GCC_OPTIMIZATION_LEVEL = 0;
				GCC_PREPROCESSOR_DEFINITIONS = (
					"DEBUG=1",
					"$(inherited)",
				);
				GCC_WARN_64_TO_32_BIT_CONVERSION = YES;
				GCC_WARN_ABOUT_RETURN_TYPE = YES_ERROR;
				GCC_WARN_UNDECLARED_SELECTOR = YES;
				GCC_WARN_UNINITIALIZED_AUTOS = YES_AGGRESSIVE;
				GCC_WARN_UNUSED_FUNCTION = YES;
				GCC_WARN_UNUSED_VARIABLE = YES;
				IPHONEOS_DEPLOYMENT_TARGET = 9.0;
				MTL_ENABLE_DEBUG_INFO = YES;
				ONLY_ACTIVE_ARCH = YES;
				SDKROOT = iphoneos;
				SWIFT_OPTIMIZATION_LEVEL = "-Onone";
			};
			name = Debug;
		};
		273408841BCD479D00634318 /* Release */ = {
			isa = XCBuildConfiguration;
			buildSettings = {
				ALWAYS_SEARCH_USER_PATHS = NO;
				CLANG_CXX_LANGUAGE_STANDARD = "gnu++0x";
				CLANG_CXX_LIBRARY = "libc++";
				CLANG_ENABLE_MODULES = YES;
				CLANG_ENABLE_OBJC_ARC = YES;
				CLANG_WARN_BOOL_CONVERSION = YES;
				CLANG_WARN_CONSTANT_CONVERSION = YES;
				CLANG_WARN_DIRECT_OBJC_ISA_USAGE = YES_ERROR;
				CLANG_WARN_EMPTY_BODY = YES;
				CLANG_WARN_ENUM_CONVERSION = YES;
				CLANG_WARN_INT_CONVERSION = YES;
				CLANG_WARN_OBJC_ROOT_CLASS = YES_ERROR;
				CLANG_WARN_UNREACHABLE_CODE = YES;
				CLANG_WARN__DUPLICATE_METHOD_MATCH = YES;
				"CODE_SIGN_IDENTITY[sdk=iphoneos*]" = "iPhone Developer";
				COPY_PHASE_STRIP = NO;
				DEBUG_INFORMATION_FORMAT = "dwarf-with-dsym";
				ENABLE_NS_ASSERTIONS = NO;
				ENABLE_STRICT_OBJC_MSGSEND = YES;
				GCC_C_LANGUAGE_STANDARD = gnu99;
				GCC_NO_COMMON_BLOCKS = YES;
				GCC_WARN_64_TO_32_BIT_CONVERSION = YES;
				GCC_WARN_ABOUT_RETURN_TYPE = YES_ERROR;
				GCC_WARN_UNDECLARED_SELECTOR = YES;
				GCC_WARN_UNINITIALIZED_AUTOS = YES_AGGRESSIVE;
				GCC_WARN_UNUSED_FUNCTION = YES;
				GCC_WARN_UNUSED_VARIABLE = YES;
				IPHONEOS_DEPLOYMENT_TARGET = 9.0;
				MTL_ENABLE_DEBUG_INFO = NO;
				SDKROOT = iphoneos;
				VALIDATE_PRODUCT = YES;
			};
			name = Release;
		};
		273408861BCD479D00634318 /* Debug */ = {
			isa = XCBuildConfiguration;
			buildSettings = {
				ASSETCATALOG_COMPILER_APPICON_NAME = AppIcon;
				INFOPLIST_FILE = "Virtual Tourist/Info.plist";
				LD_RUNPATH_SEARCH_PATHS = "$(inherited) @executable_path/Frameworks";
				PRODUCT_BUNDLE_IDENTIFIER = "joesus.Virtual-Tourist";
				PRODUCT_NAME = "$(TARGET_NAME)";
			};
			name = Debug;
		};
		273408871BCD479D00634318 /* Release */ = {
			isa = XCBuildConfiguration;
			buildSettings = {
				ASSETCATALOG_COMPILER_APPICON_NAME = AppIcon;
				INFOPLIST_FILE = "Virtual Tourist/Info.plist";
				LD_RUNPATH_SEARCH_PATHS = "$(inherited) @executable_path/Frameworks";
				PRODUCT_BUNDLE_IDENTIFIER = "joesus.Virtual-Tourist";
				PRODUCT_NAME = "$(TARGET_NAME)";
			};
			name = Release;
		};
		273408891BCD479D00634318 /* Debug */ = {
			isa = XCBuildConfiguration;
			buildSettings = {
				BUNDLE_LOADER = "$(TEST_HOST)";
				INFOPLIST_FILE = "Virtual TouristTests/Info.plist";
				LD_RUNPATH_SEARCH_PATHS = "$(inherited) @executable_path/Frameworks @loader_path/Frameworks";
				PRODUCT_BUNDLE_IDENTIFIER = "joesus.Virtual-TouristTests";
				PRODUCT_NAME = "$(TARGET_NAME)";
				TEST_HOST = "$(BUILT_PRODUCTS_DIR)/Virtual Tourist.app/Virtual Tourist";
			};
			name = Debug;
		};
		2734088A1BCD479D00634318 /* Release */ = {
			isa = XCBuildConfiguration;
			buildSettings = {
				BUNDLE_LOADER = "$(TEST_HOST)";
				INFOPLIST_FILE = "Virtual TouristTests/Info.plist";
				LD_RUNPATH_SEARCH_PATHS = "$(inherited) @executable_path/Frameworks @loader_path/Frameworks";
				PRODUCT_BUNDLE_IDENTIFIER = "joesus.Virtual-TouristTests";
				PRODUCT_NAME = "$(TARGET_NAME)";
				TEST_HOST = "$(BUILT_PRODUCTS_DIR)/Virtual Tourist.app/Virtual Tourist";
			};
			name = Release;
		};
		2734088C1BCD479D00634318 /* Debug */ = {
			isa = XCBuildConfiguration;
			buildSettings = {
				INFOPLIST_FILE = "Virtual TouristUITests/Info.plist";
				LD_RUNPATH_SEARCH_PATHS = "$(inherited) @executable_path/Frameworks @loader_path/Frameworks";
				PRODUCT_BUNDLE_IDENTIFIER = "joesus.Virtual-TouristUITests";
				PRODUCT_NAME = "$(TARGET_NAME)";
				TEST_TARGET_NAME = "Virtual Tourist";
				USES_XCTRUNNER = YES;
			};
			name = Debug;
		};
		2734088D1BCD479D00634318 /* Release */ = {
			isa = XCBuildConfiguration;
			buildSettings = {
				INFOPLIST_FILE = "Virtual TouristUITests/Info.plist";
				LD_RUNPATH_SEARCH_PATHS = "$(inherited) @executable_path/Frameworks @loader_path/Frameworks";
				PRODUCT_BUNDLE_IDENTIFIER = "joesus.Virtual-TouristUITests";
				PRODUCT_NAME = "$(TARGET_NAME)";
				TEST_TARGET_NAME = "Virtual Tourist";
				USES_XCTRUNNER = YES;
			};
			name = Release;
		};
/* End XCBuildConfiguration section */

/* Begin XCConfigurationList section */
		273408551BCD479D00634318 /* Build configuration list for PBXProject "Virtual Tourist" */ = {
			isa = XCConfigurationList;
			buildConfigurations = (
				273408831BCD479D00634318 /* Debug */,
				273408841BCD479D00634318 /* Release */,
			);
			defaultConfigurationIsVisible = 0;
			defaultConfigurationName = Release;
		};
		273408851BCD479D00634318 /* Build configuration list for PBXNativeTarget "Virtual Tourist" */ = {
			isa = XCConfigurationList;
			buildConfigurations = (
				273408861BCD479D00634318 /* Debug */,
				273408871BCD479D00634318 /* Release */,
			);
			defaultConfigurationIsVisible = 0;
			defaultConfigurationName = Release;
		};
		273408881BCD479D00634318 /* Build configuration list for PBXNativeTarget "Virtual TouristTests" */ = {
			isa = XCConfigurationList;
			buildConfigurations = (
				273408891BCD479D00634318 /* Debug */,
				2734088A1BCD479D00634318 /* Release */,
			);
			defaultConfigurationIsVisible = 0;
			defaultConfigurationName = Release;
		};
		2734088B1BCD479D00634318 /* Build configuration list for PBXNativeTarget "Virtual TouristUITests" */ = {
			isa = XCConfigurationList;
			buildConfigurations = (
				2734088C1BCD479D00634318 /* Debug */,
				2734088D1BCD479D00634318 /* Release */,
			);
			defaultConfigurationIsVisible = 0;
			defaultConfigurationName = Release;
		};
/* End XCConfigurationList section */

/* Begin XCVersionGroup section */
		273408641BCD479D00634318 /* Virtual_Tourist.xcdatamodeld */ = {
			isa = XCVersionGroup;
			children = (
				273408651BCD479D00634318 /* Virtual_Tourist.xcdatamodel */,
			);
			currentVersion = 273408651BCD479D00634318 /* Virtual_Tourist.xcdatamodel */;
			path = Virtual_Tourist.xcdatamodeld;
			sourceTree = "<group>";
			versionGroupType = wrapper.xcdatamodel;
		};
/* End XCVersionGroup section */
	};
	rootObject = 273408521BCD479D00634318 /* Project object */;
}
